
Microsoft Visual Studio Solution File, Format Version 12.00
# Visual Studio Version 16
VisualStudioVersion = 16.0.30804.86
MinimumVisualStudioVersion = 10.0.40219.1
Project("{FAE04EC0-301F-11D3-BF4B-00C04F79EFBC}") = "WMS_WebAPI", "WMS_WebAPI\WMS_WebAPI.csproj", "{26442306-2845-438B-94CB-6134B65BB6E8}"
EndProject
Global
	GlobalSection(SolutionConfigurationPlatforms) = preSolution
		Debug|Any CPU = Debug|Any CPU
		Release|Any CPU = Release|Any CPU
	EndGlobalSection
	GlobalSection(ProjectConfigurationPlatforms) = postSolution
		{26442306-2845-438B-94CB-6134B65BB6E8}.Debug|Any CPU.ActiveCfg = Debug|Any CPU
		{26442306-2845-438B-94CB-6134B65BB6E8}.Debug|Any CPU.Build.0 = Debug|Any CPU
		{26442306-2845-438B-94CB-6134B65BB6E8}.Release|Any CPU.ActiveCfg = Release|Any CPU
		{26442306-2845-438B-94CB-6134B65BB6E8}.Release|Any CPU.Build.0 = Release|Any CPU
	EndGlobalSection
	GlobalSection(SolutionProperties) = preSolution
		HideSolutionNode = FALSE
	EndGlobalSection
	GlobalSection(ExtensibilityGlobals) = postSolution
		SolutionGuid = {A2E1EBD7-C3A5-443E-89EB-7E02C842BA8E}
	EndGlobalSection
EndGlobal
